# This file is automatically @generated by Cargo.
# It is not intended for manual editing.
version = 3

[[package]]
name = "ethnum"
version = "1.0.4"
source = "registry+https://github.com/rust-lang/crates.io-index"
checksum = "0f58da196a1fc8f14cb51f373f504efc66c434c577b777c2cd30d6fad16e4822"

[[package]]
name = "rusty_smol_evm"
version = "0.1.0"
dependencies = [
 "ethnum",
]
